
Microsoft Visual Studio Solution File, Format Version 12.00
# Visual Studio Version 17
VisualStudioVersion = 17.11.35222.181
MinimumVisualStudioVersion = 10.0.40219.1
Project("{9A19103F-16F7-4668-BE54-9A1E7A4F7556}") = "mirthgraph", "mirthgraph\mirthgraph.csproj", "{7C18E446-1532-4162-A525-E57F12A1F66A}"
EndProject
Project("{E53339B2-1760-4266-BCC7-CA923CBCF16C}") = "docker-compose", "docker-compose.dcproj", "{C9236342-00B4-46F2-AD6C-268ECB94D28F}"
EndProject
Global
	GlobalSection(SolutionConfigurationPlatforms) = preSolution
		Debug|Any CPU = Debug|Any CPU
		Release|Any CPU = Release|Any CPU
	EndGlobalSection
	GlobalSection(ProjectConfigurationPlatforms) = postSolution
		{7C18E446-1532-4162-A525-E57F12A1F66A}.Debug|Any CPU.ActiveCfg = Debug|Any CPU
		{7C18E446-1532-4162-A525-E57F12A1F66A}.Debug|Any CPU.Build.0 = Debug|Any CPU
		{7C18E446-1532-4162-A525-E57F12A1F66A}.Release|Any CPU.ActiveCfg = Release|Any CPU
		{7C18E446-1532-4162-A525-E57F12A1F66A}.Release|Any CPU.Build.0 = Release|Any CPU
		{C9236342-00B4-46F2-AD6C-268ECB94D28F}.Debug|Any CPU.ActiveCfg = Debug|Any CPU
		{C9236342-00B4-46F2-AD6C-268ECB94D28F}.Debug|Any CPU.Build.0 = Debug|Any CPU
		{C9236342-00B4-46F2-AD6C-268ECB94D28F}.Release|Any CPU.ActiveCfg = Release|Any CPU
		{C9236342-00B4-46F2-AD6C-268ECB94D28F}.Release|Any CPU.Build.0 = Release|Any CPU
	EndGlobalSection
	GlobalSection(SolutionProperties) = preSolution
		HideSolutionNode = FALSE
	EndGlobalSection
	GlobalSection(ExtensibilityGlobals) = postSolution
		SolutionGuid = {DCFD5993-155E-432C-A3D6-C06814E407F4}
	EndGlobalSection
EndGlobal
